// !$*UTF8*$!
{
	archiveVersion = 1;
	classes = {
	};
	objectVersion = 56;
	objects = {

/* Begin PBXBuildFile section */
		3F3D39A62DE8A51A0049E391 /* StorageModel.swift in Sources */ = {isa = PBXBuildFile; fileRef = 3F3D39A52DE8A51A0049E391 /* StorageModel.swift */; };
		3F3D39A82DE8A5D20049E391 /* SingltonStorage.swift in Sources */ = {isa = PBXBuildFile; fileRef = 3F3D39A72DE8A5D20049E391 /* SingltonStorage.swift */; };
		3F3D39AA2DE8A7F10049E391 /* CreateViewImpl.swift in Sources */ = {isa = PBXBuildFile; fileRef = 3F3D39A92DE8A7F10049E391 /* CreateViewImpl.swift */; };
		3F3D39AC2DE8AEDE0049E391 /* PreGameViewImpl.swift in Sources */ = {isa = PBXBuildFile; fileRef = 3F3D39AB2DE8AEDE0049E391 /* PreGameViewImpl.swift */; };
		3F3D39AE2DECE6390049E391 /* MockDataStogare.swift in Sources */ = {isa = PBXBuildFile; fileRef = 3F3D39AD2DECE6390049E391 /* MockDataStogare.swift */; };
		3F3D39B12DECE71B0049E391 /* GameProtocol.swift in Sources */ = {isa = PBXBuildFile; fileRef = 3F3D39B02DECE71B0049E391 /* GameProtocol.swift */; };
		3F3D39B32DECEED50049E391 /* GameMineSweeper.swift in Sources */ = {isa = PBXBuildFile; fileRef = 3F3D39B22DECEED50049E391 /* GameMineSweeper.swift */; };
		3F3D39B52DECF7550049E391 /* PreGameViewModel.swift in Sources */ = {isa = PBXBuildFile; fileRef = 3F3D39B42DECF7550049E391 /* PreGameViewModel.swift */; };
		3F3D39B82DECFCFC0049E391 /* PickerModalView.swift in Sources */ = {isa = PBXBuildFile; fileRef = 3F3D39B72DECFCFC0049E391 /* PickerModalView.swift */; };
		3F3D39BE2DED06180049E391 /* GameView.swift in Sources */ = {isa = PBXBuildFile; fileRef = 3F3D39BD2DED06180049E391 /* GameView.swift */; };
		3F3D39C02DED063B0049E391 /* GameViewImpl.swift in Sources */ = {isa = PBXBuildFile; fileRef = 3F3D39BF2DED063B0049E391 /* GameViewImpl.swift */; };
		3F3D39C22DEE28FC0049E391 /* GameViewModel.swift in Sources */ = {isa = PBXBuildFile; fileRef = 3F3D39C12DEE28FC0049E391 /* GameViewModel.swift */; };
		3F3D39C52DEE2B0E0049E391 /* StorageService.swift in Sources */ = {isa = PBXBuildFile; fileRef = 3F3D39C42DEE2B0E0049E391 /* StorageService.swift */; };
		3FA7EE062DD00ABB000E3217 /* Coordinator.swift in Sources */ = {isa = PBXBuildFile; fileRef = 3FA7EE052DD00ABB000E3217 /* Coordinator.swift */; };
		3FA7EE082DD00BAE000E3217 /* PreGameView.swift in Sources */ = {isa = PBXBuildFile; fileRef = 3FA7EE072DD00BAE000E3217 /* PreGameView.swift */; };
		3FA7EE0A2DD00BC9000E3217 /* CreateView.swift in Sources */ = {isa = PBXBuildFile; fileRef = 3FA7EE092DD00BC9000E3217 /* CreateView.swift */; };
		3FA7EE0C2DD00BD8000E3217 /* MenuView.swift in Sources */ = {isa = PBXBuildFile; fileRef = 3FA7EE0B2DD00BD8000E3217 /* MenuView.swift */; };
		3FA7EE0E2DD23973000E3217 /* CreateCellView.swift in Sources */ = {isa = PBXBuildFile; fileRef = 3FA7EE0D2DD23973000E3217 /* CreateCellView.swift */; };
		3FA7EE102DD23BA4000E3217 /* GridView.swift in Sources */ = {isa = PBXBuildFile; fileRef = 3FA7EE0F2DD23BA4000E3217 /* GridView.swift */; };
		3FA7EE122DD2475F000E3217 /* CreateFieldsViewModel.swift in Sources */ = {isa = PBXBuildFile; fileRef = 3FA7EE112DD2475F000E3217 /* CreateFieldsViewModel.swift */; };
		3FCED2E52DEE2F6500A5B422 /* GameCellView.swift in Sources */ = {isa = PBXBuildFile; fileRef = 3FCED2E42DEE2F6500A5B422 /* GameCellView.swift */; };
		3FCED2E72DEE368100A5B422 /* GameCell.swift in Sources */ = {isa = PBXBuildFile; fileRef = 3FCED2E62DEE368100A5B422 /* GameCell.swift */; };
		3FCED2E92E0DAD0C00A5B422 /* CoordField.swift in Sources */ = {isa = PBXBuildFile; fileRef = 3FCED2E82E0DAD0C00A5B422 /* CoordField.swift */; };
		3FCED2EB2E0DB00F00A5B422 /* GameStatus.swift in Sources */ = {isa = PBXBuildFile; fileRef = 3FCED2EA2E0DB00F00A5B422 /* GameStatus.swift */; };
		3FCED2EE2E11736200A5B422 /* FieldValidationProtocol.swift in Sources */ = {isa = PBXBuildFile; fileRef = 3FCED2ED2E11736100A5B422 /* FieldValidationProtocol.swift */; };
		3FD8C6022DBFDEA00042D56A /* MineSweeperApp.swift in Sources */ = {isa = PBXBuildFile; fileRef = 3FD8C6012DBFDEA00042D56A /* MineSweeperApp.swift */; };
		3FD8C6042DBFDEA00042D56A /* ContentView.swift in Sources */ = {isa = PBXBuildFile; fileRef = 3FD8C6032DBFDEA00042D56A /* ContentView.swift */; };
		3FD8C6062DBFDEA30042D56A /* Assets.xcassets in Resources */ = {isa = PBXBuildFile; fileRef = 3FD8C6052DBFDEA30042D56A /* Assets.xcassets */; };
		3FD8C6092DBFDEA30042D56A /* Preview Assets.xcassets in Resources */ = {isa = PBXBuildFile; fileRef = 3FD8C6082DBFDEA30042D56A /* Preview Assets.xcassets */; };
		3FD8C6132DBFEDA90042D56A /* LinkedList.swift in Sources */ = {isa = PBXBuildFile; fileRef = 3FD8C6122DBFEDA90042D56A /* LinkedList.swift */; };
		3FD8C6152DBFEDD30042D56A /* Queue.swift in Sources */ = {isa = PBXBuildFile; fileRef = 3FD8C6142DBFEDD30042D56A /* Queue.swift */; };
		3FD8C61D2DC16D820042D56A /* GameLogicMineSweeper.swift in Sources */ = {isa = PBXBuildFile; fileRef = 3FD8C61C2DC16D820042D56A /* GameLogicMineSweeper.swift */; };
/* End PBXBuildFile section */

/* Begin PBXFileReference section */
		3F3D39A52DE8A51A0049E391 /* StorageModel.swift */ = {isa = PBXFileReference; lastKnownFileType = sourcecode.swift; path = StorageModel.swift; sourceTree = "<group>"; };
		3F3D39A72DE8A5D20049E391 /* SingltonStorage.swift */ = {isa = PBXFileReference; lastKnownFileType = sourcecode.swift; path = SingltonStorage.swift; sourceTree = "<group>"; };
		3F3D39A92DE8A7F10049E391 /* CreateViewImpl.swift */ = {isa = PBXFileReference; lastKnownFileType = sourcecode.swift; path = CreateViewImpl.swift; sourceTree = "<group>"; };
		3F3D39AB2DE8AEDE0049E391 /* PreGameViewImpl.swift */ = {isa = PBXFileReference; lastKnownFileType = sourcecode.swift; path = PreGameViewImpl.swift; sourceTree = "<group>"; };
		3F3D39AD2DECE6390049E391 /* MockDataStogare.swift */ = {isa = PBXFileReference; lastKnownFileType = sourcecode.swift; path = MockDataStogare.swift; sourceTree = "<group>"; };
		3F3D39B02DECE71B0049E391 /* GameProtocol.swift */ = {isa = PBXFileReference; lastKnownFileType = sourcecode.swift; path = GameProtocol.swift; sourceTree = "<group>"; };
		3F3D39B22DECEED50049E391 /* GameMineSweeper.swift */ = {isa = PBXFileReference; lastKnownFileType = sourcecode.swift; path = GameMineSweeper.swift; sourceTree = "<group>"; };
		3F3D39B42DECF7550049E391 /* PreGameViewModel.swift */ = {isa = PBXFileReference; lastKnownFileType = sourcecode.swift; path = PreGameViewModel.swift; sourceTree = "<group>"; };
		3F3D39B72DECFCFC0049E391 /* PickerModalView.swift */ = {isa = PBXFileReference; lastKnownFileType = sourcecode.swift; path = PickerModalView.swift; sourceTree = "<group>"; };
		3F3D39BD2DED06180049E391 /* GameView.swift */ = {isa = PBXFileReference; lastKnownFileType = sourcecode.swift; path = GameView.swift; sourceTree = "<group>"; };
		3F3D39BF2DED063B0049E391 /* GameViewImpl.swift */ = {isa = PBXFileReference; lastKnownFileType = sourcecode.swift; path = GameViewImpl.swift; sourceTree = "<group>"; };
		3F3D39C12DEE28FC0049E391 /* GameViewModel.swift */ = {isa = PBXFileReference; lastKnownFileType = sourcecode.swift; path = GameViewModel.swift; sourceTree = "<group>"; };
		3F3D39C42DEE2B0E0049E391 /* StorageService.swift */ = {isa = PBXFileReference; lastKnownFileType = sourcecode.swift; path = StorageService.swift; sourceTree = "<group>"; };
		3FA7EE052DD00ABB000E3217 /* Coordinator.swift */ = {isa = PBXFileReference; lastKnownFileType = sourcecode.swift; path = Coordinator.swift; sourceTree = "<group>"; };
		3FA7EE072DD00BAE000E3217 /* PreGameView.swift */ = {isa = PBXFileReference; lastKnownFileType = sourcecode.swift; path = PreGameView.swift; sourceTree = "<group>"; };
		3FA7EE092DD00BC9000E3217 /* CreateView.swift */ = {isa = PBXFileReference; lastKnownFileType = sourcecode.swift; path = CreateView.swift; sourceTree = "<group>"; };
		3FA7EE0B2DD00BD8000E3217 /* MenuView.swift */ = {isa = PBXFileReference; lastKnownFileType = sourcecode.swift; path = MenuView.swift; sourceTree = "<group>"; };
		3FA7EE0D2DD23973000E3217 /* CreateCellView.swift */ = {isa = PBXFileReference; lastKnownFileType = sourcecode.swift; path = CreateCellView.swift; sourceTree = "<group>"; };
		3FA7EE0F2DD23BA4000E3217 /* GridView.swift */ = {isa = PBXFileReference; lastKnownFileType = sourcecode.swift; path = GridView.swift; sourceTree = "<group>"; };
		3FA7EE112DD2475F000E3217 /* CreateFieldsViewModel.swift */ = {isa = PBXFileReference; lastKnownFileType = sourcecode.swift; path = CreateFieldsViewModel.swift; sourceTree = "<group>"; };
		3FCED2E42DEE2F6500A5B422 /* GameCellView.swift */ = {isa = PBXFileReference; lastKnownFileType = sourcecode.swift; path = GameCellView.swift; sourceTree = "<group>"; };
		3FCED2E62DEE368100A5B422 /* GameCell.swift */ = {isa = PBXFileReference; lastKnownFileType = sourcecode.swift; path = GameCell.swift; sourceTree = "<group>"; };
		3FCED2E82E0DAD0C00A5B422 /* CoordField.swift */ = {isa = PBXFileReference; lastKnownFileType = sourcecode.swift; path = CoordField.swift; sourceTree = "<group>"; };
		3FCED2EA2E0DB00F00A5B422 /* GameStatus.swift */ = {isa = PBXFileReference; lastKnownFileType = sourcecode.swift; path = GameStatus.swift; sourceTree = "<group>"; };
		3FCED2ED2E11736100A5B422 /* FieldValidationProtocol.swift */ = {isa = PBXFileReference; lastKnownFileType = sourcecode.swift; path = FieldValidationProtocol.swift; sourceTree = "<group>"; };
		3FD8C5FE2DBFDEA00042D56A /* MineSweeper.app */ = {isa = PBXFileReference; explicitFileType = wrapper.application; includeInIndex = 0; path = MineSweeper.app; sourceTree = BUILT_PRODUCTS_DIR; };
		3FD8C6012DBFDEA00042D56A /* MineSweeperApp.swift */ = {isa = PBXFileReference; lastKnownFileType = sourcecode.swift; path = MineSweeperApp.swift; sourceTree = "<group>"; };
		3FD8C6032DBFDEA00042D56A /* ContentView.swift */ = {isa = PBXFileReference; lastKnownFileType = sourcecode.swift; path = ContentView.swift; sourceTree = "<group>"; };
		3FD8C6052DBFDEA30042D56A /* Assets.xcassets */ = {isa = PBXFileReference; lastKnownFileType = folder.assetcatalog; path = Assets.xcassets; sourceTree = "<group>"; };
		3FD8C6082DBFDEA30042D56A /* Preview Assets.xcassets */ = {isa = PBXFileReference; lastKnownFileType = folder.assetcatalog; path = "Preview Assets.xcassets"; sourceTree = "<group>"; };
		3FD8C6122DBFEDA90042D56A /* LinkedList.swift */ = {isa = PBXFileReference; lastKnownFileType = sourcecode.swift; path = LinkedList.swift; sourceTree = "<group>"; };
		3FD8C6142DBFEDD30042D56A /* Queue.swift */ = {isa = PBXFileReference; lastKnownFileType = sourcecode.swift; path = Queue.swift; sourceTree = "<group>"; };
		3FD8C61C2DC16D820042D56A /* GameLogicMineSweeper.swift */ = {isa = PBXFileReference; lastKnownFileType = sourcecode.swift; path = GameLogicMineSweeper.swift; sourceTree = "<group>"; };
/* End PBXFileReference section */

/* Begin PBXFrameworksBuildPhase section */
		3FD8C5FB2DBFDEA00042D56A /* Frameworks */ = {
			isa = PBXFrameworksBuildPhase;
			buildActionMask = 2147483647;
			files = (
			);
			runOnlyForDeploymentPostprocessing = 0;
		};
/* End PBXFrameworksBuildPhase section */

/* Begin PBXGroup section */
		3F3D39A42DE8A4FE0049E391 /* Storage */ = {
			isa = PBXGroup;
			children = (
				3F3D39A52DE8A51A0049E391 /* StorageModel.swift */,
				3F3D39A72DE8A5D20049E391 /* SingltonStorage.swift */,
				3F3D39AD2DECE6390049E391 /* MockDataStogare.swift */,
			);
			path = Storage;
			sourceTree = "<group>";
		};
		3F3D39AF2DECE6F60049E391 /* Game */ = {
			isa = PBXGroup;
			children = (
				3F3D39B02DECE71B0049E391 /* GameProtocol.swift */,
				3F3D39B22DECEED50049E391 /* GameMineSweeper.swift */,
				3FCED2EA2E0DB00F00A5B422 /* GameStatus.swift */,
			);
			path = Game;
			sourceTree = "<group>";
		};
		3F3D39B62DECFCE80049E391 /* HelpersView */ = {
			isa = PBXGroup;
			children = (
				3F3D39B72DECFCFC0049E391 /* PickerModalView.swift */,
			);
			path = HelpersView;
			sourceTree = "<group>";
		};
		3F3D39B92DED05F20049E391 /* GameView */ = {
			isa = PBXGroup;
			children = (
				3F3D39BC2DED06090049E391 /* Model */,
				3F3D39BB2DED05FE0049E391 /* ViewModel */,
				3F3D39BA2DED05F90049E391 /* View */,
			);
			path = GameView;
			sourceTree = "<group>";
		};
		3F3D39BA2DED05F90049E391 /* View */ = {
			isa = PBXGroup;
			children = (
				3F3D39BD2DED06180049E391 /* GameView.swift */,
				3F3D39BF2DED063B0049E391 /* GameViewImpl.swift */,
				3FCED2E42DEE2F6500A5B422 /* GameCellView.swift */,
			);
			path = View;
			sourceTree = "<group>";
		};
		3F3D39BB2DED05FE0049E391 /* ViewModel */ = {
			isa = PBXGroup;
			children = (
				3F3D39C12DEE28FC0049E391 /* GameViewModel.swift */,
			);
			path = ViewModel;
			sourceTree = "<group>";
		};
		3F3D39BC2DED06090049E391 /* Model */ = {
			isa = PBXGroup;
			children = (
			);
			path = Model;
			sourceTree = "<group>";
		};
		3F3D39C32DEE2A140049E391 /* Services */ = {
			isa = PBXGroup;
			children = (
				3F3D39C42DEE2B0E0049E391 /* StorageService.swift */,
			);
			path = Services;
			sourceTree = "<group>";
		};
		3FA7EDFB2DD009EB000E3217 /* Menu */ = {
			isa = PBXGroup;
			children = (
				3FD8C6172DC16D050042D56A /* Model */,
				3FD8C6182DC16D1B0042D56A /* View */,
				3FD8C6192DC16D210042D56A /* ViewModel */,
			);
			path = Menu;
			sourceTree = "<group>";
		};
		3FA7EDFC2DD00A27000E3217 /* CreateFileds */ = {
			isa = PBXGroup;
			children = (
				3FCED2EC2E11734200A5B422 /* Validation */,
				3FA7EE002DD00A64000E3217 /* ViewModel */,
				3FA7EDFF2DD00A5C000E3217 /* Model */,
				3FA7EDFE2DD00A53000E3217 /* View */,
			);
			path = CreateFileds;
			sourceTree = "<group>";
		};
		3FA7EDFD2DD00A49000E3217 /* PreGame */ = {
			isa = PBXGroup;
			children = (
				3FA7EE032DD00A79000E3217 /* ViewModel */,
				3FA7EE022DD00A71000E3217 /* Model */,
				3FA7EE012DD00A6C000E3217 /* View */,
			);
			path = PreGame;
			sourceTree = "<group>";
		};
		3FA7EDFE2DD00A53000E3217 /* View */ = {
			isa = PBXGroup;
			children = (
				3FA7EE092DD00BC9000E3217 /* CreateView.swift */,
				3FA7EE0D2DD23973000E3217 /* CreateCellView.swift */,
				3FA7EE0F2DD23BA4000E3217 /* GridView.swift */,
				3F3D39A92DE8A7F10049E391 /* CreateViewImpl.swift */,
			);
			path = View;
			sourceTree = "<group>";
		};
		3FA7EDFF2DD00A5C000E3217 /* Model */ = {
			isa = PBXGroup;
			children = (
			);
			path = Model;
			sourceTree = "<group>";
		};
		3FA7EE002DD00A64000E3217 /* ViewModel */ = {
			isa = PBXGroup;
			children = (
				3FA7EE112DD2475F000E3217 /* CreateFieldsViewModel.swift */,
			);
			path = ViewModel;
			sourceTree = "<group>";
		};
		3FA7EE012DD00A6C000E3217 /* View */ = {
			isa = PBXGroup;
			children = (
				3FA7EE072DD00BAE000E3217 /* PreGameView.swift */,
				3F3D39AB2DE8AEDE0049E391 /* PreGameViewImpl.swift */,
			);
			path = View;
			sourceTree = "<group>";
		};
		3FA7EE022DD00A71000E3217 /* Model */ = {
			isa = PBXGroup;
			children = (
			);
			path = Model;
			sourceTree = "<group>";
		};
		3FA7EE032DD00A79000E3217 /* ViewModel */ = {
			isa = PBXGroup;
			children = (
				3F3D39B42DECF7550049E391 /* PreGameViewModel.swift */,
			);
			path = ViewModel;
			sourceTree = "<group>";
		};
		3FA7EE042DD00A8C000E3217 /* Navigation */ = {
			isa = PBXGroup;
			children = (
				3FA7EE052DD00ABB000E3217 /* Coordinator.swift */,
			);
			path = Navigation;
			sourceTree = "<group>";
		};
		3FCED2EC2E11734200A5B422 /* Validation */ = {
			isa = PBXGroup;
			children = (
				3FCED2ED2E11736100A5B422 /* FieldValidationProtocol.swift */,
			);
			path = Validation;
			sourceTree = "<group>";
		};
		3FD8C5F52DBFDEA00042D56A = {
			isa = PBXGroup;
			children = (
				3FD8C6002DBFDEA00042D56A /* MineSweeper */,
				3FD8C5FF2DBFDEA00042D56A /* Products */,
			);
			sourceTree = "<group>";
		};
		3FD8C5FF2DBFDEA00042D56A /* Products */ = {
			isa = PBXGroup;
			children = (
				3FD8C5FE2DBFDEA00042D56A /* MineSweeper.app */,
			);
			name = Products;
			sourceTree = "<group>";
		};
		3FD8C6002DBFDEA00042D56A /* MineSweeper */ = {
			isa = PBXGroup;
			children = (
				3F3D39C32DEE2A140049E391 /* Services */,
				3F3D39A42DE8A4FE0049E391 /* Storage */,
				3FA7EE042DD00A8C000E3217 /* Navigation */,
				3FD8C61A2DC16D450042D56A /* GameLogic */,
				3FD8C6162DC16CF00042D56A /* Modules */,
				3FD8C60F2DBFED5E0042D56A /* Helpers */,
				3FD8C6012DBFDEA00042D56A /* MineSweeperApp.swift */,
				3FD8C6032DBFDEA00042D56A /* ContentView.swift */,
				3FD8C6052DBFDEA30042D56A /* Assets.xcassets */,
				3FD8C6072DBFDEA30042D56A /* Preview Content */,
			);
			path = MineSweeper;
			sourceTree = "<group>";
		};
		3FD8C6072DBFDEA30042D56A /* Preview Content */ = {
			isa = PBXGroup;
			children = (
				3FD8C6082DBFDEA30042D56A /* Preview Assets.xcassets */,
			);
			path = "Preview Content";
			sourceTree = "<group>";
		};
		3FD8C60F2DBFED5E0042D56A /* Helpers */ = {
			isa = PBXGroup;
			children = (
				3FD8C6112DBFED930042D56A /* Queue */,
				3FD8C6102DBFED6D0042D56A /* LinkedList */,
			);
			path = Helpers;
			sourceTree = "<group>";
		};
		3FD8C6102DBFED6D0042D56A /* LinkedList */ = {
			isa = PBXGroup;
			children = (
				3FD8C6122DBFEDA90042D56A /* LinkedList.swift */,
			);
			path = LinkedList;
			sourceTree = "<group>";
		};
		3FD8C6112DBFED930042D56A /* Queue */ = {
			isa = PBXGroup;
			children = (
				3FD8C6142DBFEDD30042D56A /* Queue.swift */,
			);
			path = Queue;
			sourceTree = "<group>";
		};
		3FD8C6162DC16CF00042D56A /* Modules */ = {
			isa = PBXGroup;
			children = (
				3F3D39B92DED05F20049E391 /* GameView */,
				3F3D39B62DECFCE80049E391 /* HelpersView */,
				3FA7EDFD2DD00A49000E3217 /* PreGame */,
				3FA7EDFC2DD00A27000E3217 /* CreateFileds */,
				3FA7EDFB2DD009EB000E3217 /* Menu */,
			);
			path = Modules;
			sourceTree = "<group>";
		};
		3FD8C6172DC16D050042D56A /* Model */ = {
			isa = PBXGroup;
			children = (
			);
			path = Model;
			sourceTree = "<group>";
		};
		3FD8C6182DC16D1B0042D56A /* View */ = {
			isa = PBXGroup;
			children = (
				3FA7EE0B2DD00BD8000E3217 /* MenuView.swift */,
			);
			path = View;
			sourceTree = "<group>";
		};
		3FD8C6192DC16D210042D56A /* ViewModel */ = {
			isa = PBXGroup;
			children = (
			);
			path = ViewModel;
			sourceTree = "<group>";
		};
		3FD8C61A2DC16D450042D56A /* GameLogic */ = {
			isa = PBXGroup;
			children = (
				3F3D39AF2DECE6F60049E391 /* Game */,
				3FD8C61B2DC16D610042D56A /* Models */,
			);
			path = GameLogic;
			sourceTree = "<group>";
		};
		3FD8C61B2DC16D610042D56A /* Models */ = {
			isa = PBXGroup;
			children = (
				3FD8C61C2DC16D820042D56A /* GameLogicMineSweeper.swift */,
				3FCED2E62DEE368100A5B422 /* GameCell.swift */,
				3FCED2E82E0DAD0C00A5B422 /* CoordField.swift */,
			);
			path = Models;
			sourceTree = "<group>";
		};
/* End PBXGroup section */

/* Begin PBXNativeTarget section */
		3FD8C5FD2DBFDEA00042D56A /* MineSweeper */ = {
			isa = PBXNativeTarget;
			buildConfigurationList = 3FD8C60C2DBFDEA30042D56A /* Build configuration list for PBXNativeTarget "MineSweeper" */;
			buildPhases = (
				3FD8C5FA2DBFDEA00042D56A /* Sources */,
				3FD8C5FB2DBFDEA00042D56A /* Frameworks */,
				3FD8C5FC2DBFDEA00042D56A /* Resources */,
			);
			buildRules = (
			);
			dependencies = (
			);
			name = MineSweeper;
			productName = MineSweeper;
			productReference = 3FD8C5FE2DBFDEA00042D56A /* MineSweeper.app */;
			productType = "com.apple.product-type.application";
		};
/* End PBXNativeTarget section */

/* Begin PBXProject section */
		3FD8C5F62DBFDEA00042D56A /* Project object */ = {
			isa = PBXProject;
			attributes = {
				BuildIndependentTargetsInParallel = 1;
				LastSwiftUpdateCheck = 1500;
				LastUpgradeCheck = 1500;
				TargetAttributes = {
					3FD8C5FD2DBFDEA00042D56A = {
						CreatedOnToolsVersion = 15.0.1;
					};
				};
			};
			buildConfigurationList = 3FD8C5F92DBFDEA00042D56A /* Build configuration list for PBXProject "MineSweeper" */;
			compatibilityVersion = "Xcode 14.0";
			developmentRegion = en;
			hasScannedForEncodings = 0;
			knownRegions = (
				en,
				Base,
			);
			mainGroup = 3FD8C5F52DBFDEA00042D56A;
			productRefGroup = 3FD8C5FF2DBFDEA00042D56A /* Products */;
			projectDirPath = "";
			projectRoot = "";
			targets = (
				3FD8C5FD2DBFDEA00042D56A /* MineSweeper */,
			);
		};
/* End PBXProject section */

/* Begin PBXResourcesBuildPhase section */
		3FD8C5FC2DBFDEA00042D56A /* Resources */ = {
			isa = PBXResourcesBuildPhase;
			buildActionMask = 2147483647;
			files = (
				3FD8C6092DBFDEA30042D56A /* Preview Assets.xcassets in Resources */,
				3FD8C6062DBFDEA30042D56A /* Assets.xcassets in Resources */,
			);
			runOnlyForDeploymentPostprocessing = 0;
		};
/* End PBXResourcesBuildPhase section */

/* Begin PBXSourcesBuildPhase section */
		3FD8C5FA2DBFDEA00042D56A /* Sources */ = {
			isa = PBXSourcesBuildPhase;
			buildActionMask = 2147483647;
			files = (
				3F3D39B32DECEED50049E391 /* GameMineSweeper.swift in Sources */,
				3FD8C61D2DC16D820042D56A /* GameLogicMineSweeper.swift in Sources */,
				3FCED2E52DEE2F6500A5B422 /* GameCellView.swift in Sources */,
				3FCED2EE2E11736200A5B422 /* FieldValidationProtocol.swift in Sources */,
				3FA7EE122DD2475F000E3217 /* CreateFieldsViewModel.swift in Sources */,
				3F3D39AA2DE8A7F10049E391 /* CreateViewImpl.swift in Sources */,
				3F3D39C02DED063B0049E391 /* GameViewImpl.swift in Sources */,
				3FD8C6132DBFEDA90042D56A /* LinkedList.swift in Sources */,
				3F3D39AC2DE8AEDE0049E391 /* PreGameViewImpl.swift in Sources */,
				3FA7EE0A2DD00BC9000E3217 /* CreateView.swift in Sources */,
				3FA7EE102DD23BA4000E3217 /* GridView.swift in Sources */,
				3F3D39B52DECF7550049E391 /* PreGameViewModel.swift in Sources */,
				3F3D39C52DEE2B0E0049E391 /* StorageService.swift in Sources */,
				3F3D39AE2DECE6390049E391 /* MockDataStogare.swift in Sources */,
				3F3D39A82DE8A5D20049E391 /* SingltonStorage.swift in Sources */,
				3F3D39C22DEE28FC0049E391 /* GameViewModel.swift in Sources */,
				3FA7EE062DD00ABB000E3217 /* Coordinator.swift in Sources */,
				3FA7EE0C2DD00BD8000E3217 /* MenuView.swift in Sources */,
				3FD8C6042DBFDEA00042D56A /* ContentView.swift in Sources */,
				3FA7EE0E2DD23973000E3217 /* CreateCellView.swift in Sources */,
				3F3D39B82DECFCFC0049E391 /* PickerModalView.swift in Sources */,
				3FCED2EB2E0DB00F00A5B422 /* GameStatus.swift in Sources */,
				3FCED2E72DEE368100A5B422 /* GameCell.swift in Sources */,
				3F3D39BE2DED06180049E391 /* GameView.swift in Sources */,
				3FD8C6022DBFDEA00042D56A /* MineSweeperApp.swift in Sources */,
				3FD8C6152DBFEDD30042D56A /* Queue.swift in Sources */,
				3F3D39A62DE8A51A0049E391 /* StorageModel.swift in Sources */,
				3FA7EE082DD00BAE000E3217 /* PreGameView.swift in Sources */,
				3FCED2E92E0DAD0C00A5B422 /* CoordField.swift in Sources */,
				3F3D39B12DECE71B0049E391 /* GameProtocol.swift in Sources */,
			);
			runOnlyForDeploymentPostprocessing = 0;
		};
/* End PBXSourcesBuildPhase section */

/* Begin XCBuildConfiguration section */
		3FD8C60A2DBFDEA30042D56A /* Debug */ = {
			isa = XCBuildConfiguration;
			buildSettings = {
				ALWAYS_SEARCH_USER_PATHS = NO;
				ASSETCATALOG_COMPILER_GENERATE_SWIFT_ASSET_SYMBOL_EXTENSIONS = YES;
				CLANG_ANALYZER_NONNULL = YES;
				CLANG_ANALYZER_NUMBER_OBJECT_CONVERSION = YES_AGGRESSIVE;
				CLANG_CXX_LANGUAGE_STANDARD = "gnu++20";
				CLANG_ENABLE_MODULES = YES;
				CLANG_ENABLE_OBJC_ARC = YES;
				CLANG_ENABLE_OBJC_WEAK = YES;
				CLANG_WARN_BLOCK_CAPTURE_AUTORELEASING = YES;
				CLANG_WARN_BOOL_CONVERSION = YES;
				CLANG_WARN_COMMA = YES;
				CLANG_WARN_CONSTANT_CONVERSION = YES;
				CLANG_WARN_DEPRECATED_OBJC_IMPLEMENTATIONS = YES;
				CLANG_WARN_DIRECT_OBJC_ISA_USAGE = YES_ERROR;
				CLANG_WARN_DOCUMENTATION_COMMENTS = YES;
				CLANG_WARN_EMPTY_BODY = YES;
				CLANG_WARN_ENUM_CONVERSION = YES;
				CLANG_WARN_INFINITE_RECURSION = YES;
				CLANG_WARN_INT_CONVERSION = YES;
				CLANG_WARN_NON_LITERAL_NULL_CONVERSION = YES;
				CLANG_WARN_OBJC_IMPLICIT_RETAIN_SELF = YES;
				CLANG_WARN_OBJC_LITERAL_CONVERSION = YES;
				CLANG_WARN_OBJC_ROOT_CLASS = YES_ERROR;
				CLANG_WARN_QUOTED_INCLUDE_IN_FRAMEWORK_HEADER = YES;
				CLANG_WARN_RANGE_LOOP_ANALYSIS = YES;
				CLANG_WARN_STRICT_PROTOTYPES = YES;
				CLANG_WARN_SUSPICIOUS_MOVE = YES;
				CLANG_WARN_UNGUARDED_AVAILABILITY = YES_AGGRESSIVE;
				CLANG_WARN_UNREACHABLE_CODE = YES;
				CLANG_WARN__DUPLICATE_METHOD_MATCH = YES;
				COPY_PHASE_STRIP = NO;
				DEBUG_INFORMATION_FORMAT = dwarf;
				ENABLE_STRICT_OBJC_MSGSEND = YES;
				ENABLE_TESTABILITY = YES;
				ENABLE_USER_SCRIPT_SANDBOXING = YES;
				GCC_C_LANGUAGE_STANDARD = gnu17;
				GCC_DYNAMIC_NO_PIC = NO;
				GCC_NO_COMMON_BLOCKS = YES;
				GCC_OPTIMIZATION_LEVEL = 0;
				GCC_PREPROCESSOR_DEFINITIONS = (
					"DEBUG=1",
					"$(inherited)",
				);
				GCC_WARN_64_TO_32_BIT_CONVERSION = YES;
				GCC_WARN_ABOUT_RETURN_TYPE = YES_ERROR;
				GCC_WARN_UNDECLARED_SELECTOR = YES;
				GCC_WARN_UNINITIALIZED_AUTOS = YES_AGGRESSIVE;
				GCC_WARN_UNUSED_FUNCTION = YES;
				GCC_WARN_UNUSED_VARIABLE = YES;
				IPHONEOS_DEPLOYMENT_TARGET = 17.0;
				LOCALIZATION_PREFERS_STRING_CATALOGS = YES;
				MTL_ENABLE_DEBUG_INFO = INCLUDE_SOURCE;
				MTL_FAST_MATH = YES;
				ONLY_ACTIVE_ARCH = YES;
				SDKROOT = iphoneos;
				SWIFT_ACTIVE_COMPILATION_CONDITIONS = "DEBUG $(inherited)";
				SWIFT_OPTIMIZATION_LEVEL = "-Onone";
			};
			name = Debug;
		};
		3FD8C60B2DBFDEA30042D56A /* Release */ = {
			isa = XCBuildConfiguration;
			buildSettings = {
				ALWAYS_SEARCH_USER_PATHS = NO;
				ASSETCATALOG_COMPILER_GENERATE_SWIFT_ASSET_SYMBOL_EXTENSIONS = YES;
				CLANG_ANALYZER_NONNULL = YES;
				CLANG_ANALYZER_NUMBER_OBJECT_CONVERSION = YES_AGGRESSIVE;
				CLANG_CXX_LANGUAGE_STANDARD = "gnu++20";
				CLANG_ENABLE_MODULES = YES;
				CLANG_ENABLE_OBJC_ARC = YES;
				CLANG_ENABLE_OBJC_WEAK = YES;
				CLANG_WARN_BLOCK_CAPTURE_AUTORELEASING = YES;
				CLANG_WARN_BOOL_CONVERSION = YES;
				CLANG_WARN_COMMA = YES;
				CLANG_WARN_CONSTANT_CONVERSION = YES;
				CLANG_WARN_DEPRECATED_OBJC_IMPLEMENTATIONS = YES;
				CLANG_WARN_DIRECT_OBJC_ISA_USAGE = YES_ERROR;
				CLANG_WARN_DOCUMENTATION_COMMENTS = YES;
				CLANG_WARN_EMPTY_BODY = YES;
				CLANG_WARN_ENUM_CONVERSION = YES;
				CLANG_WARN_INFINITE_RECURSION = YES;
				CLANG_WARN_INT_CONVERSION = YES;
				CLANG_WARN_NON_LITERAL_NULL_CONVERSION = YES;
				CLANG_WARN_OBJC_IMPLICIT_RETAIN_SELF = YES;
				CLANG_WARN_OBJC_LITERAL_CONVERSION = YES;
				CLANG_WARN_OBJC_ROOT_CLASS = YES_ERROR;
				CLANG_WARN_QUOTED_INCLUDE_IN_FRAMEWORK_HEADER = YES;
				CLANG_WARN_RANGE_LOOP_ANALYSIS = YES;
				CLANG_WARN_STRICT_PROTOTYPES = YES;
				CLANG_WARN_SUSPICIOUS_MOVE = YES;
				CLANG_WARN_UNGUARDED_AVAILABILITY = YES_AGGRESSIVE;
				CLANG_WARN_UNREACHABLE_CODE = YES;
				CLANG_WARN__DUPLICATE_METHOD_MATCH = YES;
				COPY_PHASE_STRIP = NO;
				DEBUG_INFORMATION_FORMAT = "dwarf-with-dsym";
				ENABLE_NS_ASSERTIONS = NO;
				ENABLE_STRICT_OBJC_MSGSEND = YES;
				ENABLE_USER_SCRIPT_SANDBOXING = YES;
				GCC_C_LANGUAGE_STANDARD = gnu17;
				GCC_NO_COMMON_BLOCKS = YES;
				GCC_WARN_64_TO_32_BIT_CONVERSION = YES;
				GCC_WARN_ABOUT_RETURN_TYPE = YES_ERROR;
				GCC_WARN_UNDECLARED_SELECTOR = YES;
				GCC_WARN_UNINITIALIZED_AUTOS = YES_AGGRESSIVE;
				GCC_WARN_UNUSED_FUNCTION = YES;
				GCC_WARN_UNUSED_VARIABLE = YES;
				IPHONEOS_DEPLOYMENT_TARGET = 17.0;
				LOCALIZATION_PREFERS_STRING_CATALOGS = YES;
				MTL_ENABLE_DEBUG_INFO = NO;
				MTL_FAST_MATH = YES;
				SDKROOT = iphoneos;
				SWIFT_COMPILATION_MODE = wholemodule;
				VALIDATE_PRODUCT = YES;
			};
			name = Release;
		};
		3FD8C60D2DBFDEA30042D56A /* Debug */ = {
			isa = XCBuildConfiguration;
			buildSettings = {
				ASSETCATALOG_COMPILER_APPICON_NAME = AppIcon;
				ASSETCATALOG_COMPILER_GLOBAL_ACCENT_COLOR_NAME = AccentColor;
				CODE_SIGN_STYLE = Automatic;
				CURRENT_PROJECT_VERSION = 1;
				DEVELOPMENT_ASSET_PATHS = "\"MineSweeper/Preview Content\"";
				DEVELOPMENT_TEAM = J9JUT3X85J;
				ENABLE_PREVIEWS = YES;
				GENERATE_INFOPLIST_FILE = YES;
				INFOPLIST_KEY_UIApplicationSceneManifest_Generation = YES;
				INFOPLIST_KEY_UIApplicationSupportsIndirectInputEvents = YES;
				INFOPLIST_KEY_UILaunchScreen_Generation = YES;
				INFOPLIST_KEY_UISupportedInterfaceOrientations_iPad = "UIInterfaceOrientationPortrait UIInterfaceOrientationPortraitUpsideDown UIInterfaceOrientationLandscapeLeft UIInterfaceOrientationLandscapeRight";
				INFOPLIST_KEY_UISupportedInterfaceOrientations_iPhone = "UIInterfaceOrientationPortrait UIInterfaceOrientationLandscapeLeft UIInterfaceOrientationLandscapeRight";
				LD_RUNPATH_SEARCH_PATHS = (
					"$(inherited)",
					"@executable_path/Frameworks",
				);
				MARKETING_VERSION = 1.0;
				PRODUCT_BUNDLE_IDENTIFIER = "Damir-Shantin.MineSweeper";
				PRODUCT_NAME = "$(TARGET_NAME)";
				SWIFT_EMIT_LOC_STRINGS = YES;
				SWIFT_VERSION = 5.0;
				TARGETED_DEVICE_FAMILY = "1,2";
			};
			name = Debug;
		};
		3FD8C60E2DBFDEA30042D56A /* Release */ = {
			isa = XCBuildConfiguration;
			buildSettings = {
				ASSETCATALOG_COMPILER_APPICON_NAME = AppIcon;
				ASSETCATALOG_COMPILER_GLOBAL_ACCENT_COLOR_NAME = AccentColor;
				CODE_SIGN_STYLE = Automatic;
				CURRENT_PROJECT_VERSION = 1;
				DEVELOPMENT_ASSET_PATHS = "\"MineSweeper/Preview Content\"";
				DEVELOPMENT_TEAM = J9JUT3X85J;
				ENABLE_PREVIEWS = YES;
				GENERATE_INFOPLIST_FILE = YES;
				INFOPLIST_KEY_UIApplicationSceneManifest_Generation = YES;
				INFOPLIST_KEY_UIApplicationSupportsIndirectInputEvents = YES;
				INFOPLIST_KEY_UILaunchScreen_Generation = YES;
				INFOPLIST_KEY_UISupportedInterfaceOrientations_iPad = "UIInterfaceOrientationPortrait UIInterfaceOrientationPortraitUpsideDown UIInterfaceOrientationLandscapeLeft UIInterfaceOrientationLandscapeRight";
				INFOPLIST_KEY_UISupportedInterfaceOrientations_iPhone = "UIInterfaceOrientationPortrait UIInterfaceOrientationLandscapeLeft UIInterfaceOrientationLandscapeRight";
				LD_RUNPATH_SEARCH_PATHS = (
					"$(inherited)",
					"@executable_path/Frameworks",
				);
				MARKETING_VERSION = 1.0;
				PRODUCT_BUNDLE_IDENTIFIER = "Damir-Shantin.MineSweeper";
				PRODUCT_NAME = "$(TARGET_NAME)";
				SWIFT_EMIT_LOC_STRINGS = YES;
				SWIFT_VERSION = 5.0;
				TARGETED_DEVICE_FAMILY = "1,2";
			};
			name = Release;
		};
/* End XCBuildConfiguration section */

/* Begin XCConfigurationList section */
		3FD8C5F92DBFDEA00042D56A /* Build configuration list for PBXProject "MineSweeper" */ = {
			isa = XCConfigurationList;
			buildConfigurations = (
				3FD8C60A2DBFDEA30042D56A /* Debug */,
				3FD8C60B2DBFDEA30042D56A /* Release */,
			);
			defaultConfigurationIsVisible = 0;
			defaultConfigurationName = Release;
		};
		3FD8C60C2DBFDEA30042D56A /* Build configuration list for PBXNativeTarget "MineSweeper" */ = {
			isa = XCConfigurationList;
			buildConfigurations = (
				3FD8C60D2DBFDEA30042D56A /* Debug */,
				3FD8C60E2DBFDEA30042D56A /* Release */,
			);
			defaultConfigurationIsVisible = 0;
			defaultConfigurationName = Release;
		};
/* End XCConfigurationList section */
	};
	rootObject = 3FD8C5F62DBFDEA00042D56A /* Project object */;
}
